<?xml version="1.0" encoding="utf-8"?>
<Project ToolsVersion="4.0" xmlns="http://schemas.microsoft.com/developer/msbuild/2003">
  <ItemGroup>
    <Filter Include="Source Files">
      <UniqueIdentifier>{4FC737F1-C7A5-4376-A066-2A32D752A2FF}</UniqueIdentifier>
      <Extensions>cpp;c;cc;cxx;c++;cppm;ixx;def;odl;idl;hpj;bat;asm;asmx</Extensions>
    </Filter>
    <Filter Include="Header Files">
      <UniqueIdentifier>{93995380-89BD-4b04-88EB-625FBE52EBFB}</UniqueIdentifier>
      <Extensions>h;hh;hpp;hxx;h++;hm;inl;inc;ipp;xsd</Extensions>
    </Filter>
    <Filter Include="Resource Files">
      <UniqueIdentifier>{67DA6AB6-F800-4c08-8B7A-83BB121AAD01}</UniqueIdentifier>
      <Extensions>rc;ico;cur;bmp;dlg;rc2;rct;bin;rgs;gif;jpg;jpeg;jpe;resx;tiff;tif;png;wav;mfcribbon-ms</Extensions>
    </Filter>
  </ItemGroup>
  <ItemGroup>
    <ClCompile Include="src\main.cpp">
      <Filter>Source Files</Filter>
    </ClCompile>
    <ClCompile Include="src\core\char_utilities.c">
      <Filter>Source Files</Filter>
    </ClCompile>
    <ClCompile Include="src\core\logging.c">
      <Filter>Source Files</Filter>
    </ClCompile>
    <ClCompile Include="src\core\math.c">
      <Filter>Source Files</Filter>
    </ClCompile>
    <ClCompile Include="src\core\memory_utilities.c">
      <Filter>Source Files</Filter>
    </ClCompile>
    <ClCompile Include="src\core\noise.c">
      <Filter>Source Files</Filter>
    </ClCompile>
    <ClCompile Include="src\core\random.c">
      <Filter>Source Files</Filter>
    </ClCompile>
    <ClCompile Include="src\core\runtime.cpp">
      <Filter>Source Files</Filter>
    </ClCompile>
    <ClCompile Include="src\core\string_builder.c">
      <Filter>Source Files</Filter>
    </ClCompile>
    <ClCompile Include="src\core\string_utilities.c">
      <Filter>Source Files</Filter>
    </ClCompile>
    <ClCompile Include="src\core\temporary_allocator.c">
      <Filter>Source Files</Filter>
    </ClCompile>
    <ClCompile Include="src\core\text.c">
      <Filter>Source Files</Filter>
    </ClCompile>
    <ClCompile Include="src\core\hot_reload.c">
      <Filter>Source Files</Filter>
    </ClCompile>
    <ClCompile Include="src\core\list.c">
      <Filter>Source Files</Filter>
    </ClCompile>
    <ClCompile Include="src\core\slab_allocator.c">
      <Filter>Source Files</Filter>
    </ClCompile>
    <ClCompile Include="src\core\color.c">
      <Filter>Source Files</Filter>
    </ClCompile>
    <ClCompile Include="src\Console\ChatHandler.cpp">
      <Filter>Source Files</Filter>
    </ClCompile>
    <ClCompile Include="src\Console\ConsoleCommand.cpp">
      <Filter>Source Files</Filter>
    </ClCompile>
    <ClCompile Include="src\core\drawing.c">
      <Filter>Source Files</Filter>
    </ClCompile>
    <ClCompile Include="src\lib\imgui\imgui.cpp">
      <Filter>Source Files</Filter>
    </ClCompile>
    <ClCompile Include="src\lib\imgui\imgui_demo.cpp">
      <Filter>Source Files</Filter>
    </ClCompile>
    <ClCompile Include="src\lib\imgui\imgui_draw.cpp">
      <Filter>Source Files</Filter>
    </ClCompile>
    <ClCompile Include="src\lib\imgui\imgui_impl_raylib.cpp">
      <Filter>Source Files</Filter>
    </ClCompile>
    <ClCompile Include="src\lib\imgui\imgui_tables.cpp">
      <Filter>Source Files</Filter>
    </ClCompile>
    <ClCompile Include="src\lib\imgui\imgui_widgets.cpp">
      <Filter>Source Files</Filter>
    </ClCompile>
    <ClCompile Include="src\core\game_state.c">
      <Filter>Source Files</Filter>
    </ClCompile>
    <ClCompile Include="src\core\script.c">
      <Filter>Source Files</Filter>
    </ClCompile>
  </ItemGroup>
  <ItemGroup>
    <None Include=".gitignore" />
    <None Include="README.md" />
    <None Include="build_web.bat">
      <Filter>Source Files</Filter>
    </None>
    <None Include="run_web.bat">
      <Filter>Source Files</Filter>
    </None>
    <None Include="webshell.html" />
    <None Include="synchronize.bat">
      <Filter>Source Files</Filter>
    </None>
    <None Include="run_mac.sh" />
    <None Include="synchronize.sh" />
    <None Include="imgui.ini" />
  </ItemGroup>
  <ItemGroup>
    <ClInclude Include="src\lib\raylib.h">
      <Filter>Header Files</Filter>
    </ClInclude>
    <ClInclude Include="src\lib\raymath.h">
      <Filter>Header Files</Filter>
    </ClInclude>
    <ClInclude Include="src\lib\rlgl.h">
      <Filter>Header Files</Filter>
    </ClInclude>
    <ClInclude Include="src\lib\rmem.h">
      <Filter>Header Files</Filter>
    </ClInclude>
    <ClInclude Include="src\core.h">
      <Filter>Header Files</Filter>
    </ClInclude>
    <ClInclude Include="src\imgui_impl_raylib_config.h">
      <Filter>Header Files</Filter>
    </ClInclude>
    <ClInclude Include="src\Console\ChatHandler.h">
      <Filter>Header Files</Filter>
    </ClInclude>
    <ClInclude Include="src\Console\ConsoleCommand.h">
      <Filter>Header Files</Filter>
    </ClInclude>
    <ClInclude Include="src\lib\imgui\imconfig.h">
      <Filter>Header Files</Filter>
    </ClInclude>
    <ClInclude Include="src\lib\imgui\imgui.h">
      <Filter>Header Files</Filter>
    </ClInclude>
    <ClInclude Include="src\lib\imgui\imgui_impl_raylib.h">
      <Filter>Header Files</Filter>
    </ClInclude>
    <ClInclude Include="src\lib\imgui\imgui_internal.h">
      <Filter>Header Files</Filter>
    </ClInclude>
    <ClInclude Include="src\lib\imgui\imstb_rectpack.h">
      <Filter>Header Files</Filter>
    </ClInclude>
    <ClInclude Include="src\lib\imgui\imstb_textedit.h">
      <Filter>Header Files</Filter>
    </ClInclude>
    <ClInclude Include="src\lib\imgui\imstb_truetype.h">
      <Filter>Header Files</Filter>
    </ClInclude>
  </ItemGroup>
  <ItemGroup>
    <Natvis Include="debug.natvis" />
  </ItemGroup>
  <ItemGroup>
    <Library Include="lib\raylib_windows_x64.lib" />
  </ItemGroup>
</Project>